[[package]]
name = "robotframework"
version = "3.2.2"
description = "Generic automation framework for acceptance testing and robotic process automation (RPA)"
category = "main"
optional = false
python-versions = "*"

[[package]]
name = "robotframework-roboops"
version = "0.1.0"
description = "Robot Framework's library for creating and running DevOps tasks easily and efficiently."
category = "main"
optional = false
python-versions = "^3.8"
develop = false

[package.dependencies]
robotframework = "^3.2.2"

[package.source]
type = "directory"
url = ".."

[metadata]
lock-version = "1.1"
python-versions = "^3.8"
content-hash = "342061897690e069f36a21555b48d32ecc6af64f8b0febca0b6a0f114d3efc88"

[metadata.files]
robotframework = [
    {file = "robotframework-3.2.2-py2.py3-none-any.whl", hash = "sha256:a0c325e79dc6dcdaba0398db8c3afefc337799b7b36b336f04b07be4fe4a9dd2"},
    {file = "robotframework-3.2.2.zip", hash = "sha256:a0786a916d0572bd9d6afe26e95c6021e3df5dcafa0ece6b302e36366e58c24e"},
]
robotframework-roboops = []
